
Microsoft Visual Studio Solution File, Format Version 12.00
# Visual Studio Version 16
VisualStudioVersion = 25.0.1706.14
MinimumVisualStudioVersion = 10.0.40219.1
Project("{FAE04EC0-301F-11D3-BF4B-00C04F79EFBC}") = "Counter", "Counter\Counter.csproj", "{F95AB6A9-BED5-416B-8E85-4234F17FD0A3}"
EndProject
Global
	GlobalSection(SolutionConfigurationPlatforms) = preSolution
		Debug|Any CPU = Debug|Any CPU
		Release|Any CPU = Release|Any CPU
	EndGlobalSection
	GlobalSection(ProjectConfigurationPlatforms) = postSolution
		{F95AB6A9-BED5-416B-8E85-4234F17FD0A3}.Debug|Any CPU.ActiveCfg = Debug|Any CPU
		{F95AB6A9-BED5-416B-8E85-4234F17FD0A3}.Debug|Any CPU.Build.0 = Debug|Any CPU
		{F95AB6A9-BED5-416B-8E85-4234F17FD0A3}.Release|Any CPU.ActiveCfg = Release|Any CPU
		{F95AB6A9-BED5-416B-8E85-4234F17FD0A3}.Release|Any CPU.Build.0 = Release|Any CPU
	EndGlobalSection
	GlobalSection(SolutionProperties) = preSolution
		HideSolutionNode = FALSE
	EndGlobalSection
	GlobalSection(ExtensibilityGlobals) = postSolution
		SolutionGuid = {86C9FD0C-E902-4800-83D0-4BB2D7BE5178}
	EndGlobalSection
EndGlobal
